
Microsoft Visual Studio Solution File, Format Version 12.00
# Visual Studio Version 17
VisualStudioVersion = 17.2.32630.192
MinimumVisualStudioVersion = 10.0.40219.1
Project("{FAE04EC0-301F-11D3-BF4B-00C04F79EFBC}") = "RFID_NoGUI", "RFID_NoGUI\RFID_NoGUI.csproj", "{5C4968A5-AE4C-4DAC-9B81-F9B60D38F070}"
EndProject
Global
	GlobalSection(SolutionConfigurationPlatforms) = preSolution
		Debug|Any CPU = Debug|Any CPU
		Release|Any CPU = Release|Any CPU
	EndGlobalSection
	GlobalSection(ProjectConfigurationPlatforms) = postSolution
		{5C4968A5-AE4C-4DAC-9B81-F9B60D38F070}.Debug|Any CPU.ActiveCfg = Debug|Any CPU
		{5C4968A5-AE4C-4DAC-9B81-F9B60D38F070}.Debug|Any CPU.Build.0 = Debug|Any CPU
		{5C4968A5-AE4C-4DAC-9B81-F9B60D38F070}.Release|Any CPU.ActiveCfg = Release|Any CPU
		{5C4968A5-AE4C-4DAC-9B81-F9B60D38F070}.Release|Any CPU.Build.0 = Release|Any CPU
	EndGlobalSection
	GlobalSection(SolutionProperties) = preSolution
		HideSolutionNode = FALSE
	EndGlobalSection
	GlobalSection(ExtensibilityGlobals) = postSolution
		SolutionGuid = {0BD2DD47-9811-469E-BB84-6B3005162975}
	EndGlobalSection
EndGlobal
