
Microsoft Visual Studio Solution File, Format Version 12.00
# Visual Studio Version 17
VisualStudioVersion = 17.2.32630.192
MinimumVisualStudioVersion = 10.0.40219.1
Project("{FAE04EC0-301F-11D3-BF4B-00C04F79EFBC}") = "RFID", "RFID.csproj", "{543EBDB6-A0D4-4309-B5B4-F8DA1A13189C}"
EndProject
Project("{FAE04EC0-301F-11D3-BF4B-00C04F79EFBC}") = "CCTV_client", "..\CCTV_client\CCTV_client.csproj", "{5D4C7CCE-47C4-418B-92F1-34C2E9C8095A}"
EndProject
Global
	GlobalSection(SolutionConfigurationPlatforms) = preSolution
		Debug|Any CPU = Debug|Any CPU
		Release|Any CPU = Release|Any CPU
	EndGlobalSection
	GlobalSection(ProjectConfigurationPlatforms) = postSolution
		{543EBDB6-A0D4-4309-B5B4-F8DA1A13189C}.Debug|Any CPU.ActiveCfg = Debug|Any CPU
		{543EBDB6-A0D4-4309-B5B4-F8DA1A13189C}.Debug|Any CPU.Build.0 = Debug|Any CPU
		{543EBDB6-A0D4-4309-B5B4-F8DA1A13189C}.Release|Any CPU.ActiveCfg = Release|Any CPU
		{543EBDB6-A0D4-4309-B5B4-F8DA1A13189C}.Release|Any CPU.Build.0 = Release|Any CPU
		{5D4C7CCE-47C4-418B-92F1-34C2E9C8095A}.Debug|Any CPU.ActiveCfg = Debug|Any CPU
		{5D4C7CCE-47C4-418B-92F1-34C2E9C8095A}.Debug|Any CPU.Build.0 = Debug|Any CPU
		{5D4C7CCE-47C4-418B-92F1-34C2E9C8095A}.Release|Any CPU.ActiveCfg = Release|Any CPU
		{5D4C7CCE-47C4-418B-92F1-34C2E9C8095A}.Release|Any CPU.Build.0 = Release|Any CPU
	EndGlobalSection
	GlobalSection(SolutionProperties) = preSolution
		HideSolutionNode = FALSE
	EndGlobalSection
	GlobalSection(ExtensibilityGlobals) = postSolution
		SolutionGuid = {BDEED3AA-9054-43F4-B350-5654C6E5AFFD}
	EndGlobalSection
EndGlobal
